// !$*UTF8*$!
{
	archiveVersion = 1;
	classes = {
	};
	objectVersion = 51;
	objects = {

/* Begin PBXBuildFile section */
		342F661A246BA48000011B2A /* InitialViewModel.swift in Sources */ = {isa = PBXBuildFile; fileRef = 342F6619246BA48000011B2A /* InitialViewModel.swift */; };
		342F661C246BCBC000011B2A /* UIView+Extension.swift in Sources */ = {isa = PBXBuildFile; fileRef = 342F661B246BCBC000011B2A /* UIView+Extension.swift */; };
		342F661E246C240A00011B2A /* UIColor+Extension.swift in Sources */ = {isa = PBXBuildFile; fileRef = 342F661D246C240A00011B2A /* UIColor+Extension.swift */; };
		345336762469153B003DB46E /* AppDelegate.swift in Sources */ = {isa = PBXBuildFile; fileRef = 345336752469153B003DB46E /* AppDelegate.swift */; };
		345336782469153B003DB46E /* SceneDelegate.swift in Sources */ = {isa = PBXBuildFile; fileRef = 345336772469153B003DB46E /* SceneDelegate.swift */; };
		3453367A2469153B003DB46E /* InitialViewController.swift in Sources */ = {isa = PBXBuildFile; fileRef = 345336792469153B003DB46E /* InitialViewController.swift */; };
		3453367D2469153B003DB46E /* Main.storyboard in Resources */ = {isa = PBXBuildFile; fileRef = 3453367B2469153B003DB46E /* Main.storyboard */; };
		3453367F2469153D003DB46E /* Assets.xcassets in Resources */ = {isa = PBXBuildFile; fileRef = 3453367E2469153D003DB46E /* Assets.xcassets */; };
		345336822469153D003DB46E /* LaunchScreen.storyboard in Resources */ = {isa = PBXBuildFile; fileRef = 345336802469153D003DB46E /* LaunchScreen.storyboard */; };
		3453368A24692D0A003DB46E /* DashboardViewController.swift in Sources */ = {isa = PBXBuildFile; fileRef = 3453368924692D0A003DB46E /* DashboardViewController.swift */; };
		3453368C2469446D003DB46E /* Event.swift in Sources */ = {isa = PBXBuildFile; fileRef = 3453368B2469446D003DB46E /* Event.swift */; };
		3453368E2469475D003DB46E /* EventListViewController.swift in Sources */ = {isa = PBXBuildFile; fileRef = 3453368D2469475D003DB46E /* EventListViewController.swift */; };
		3453369024694771003DB46E /* GuestListViewController.swift in Sources */ = {isa = PBXBuildFile; fileRef = 3453368F24694771003DB46E /* GuestListViewController.swift */; };
		3453369224694BD3003DB46E /* EventTableViewCell.swift in Sources */ = {isa = PBXBuildFile; fileRef = 3453369124694BD3003DB46E /* EventTableViewCell.swift */; };
		3453369424698DB5003DB46E /* UIButton+Utilities.swift in Sources */ = {isa = PBXBuildFile; fileRef = 3453369324698DB5003DB46E /* UIButton+Utilities.swift */; };
		345336982469A90A003DB46E /* Guest.swift in Sources */ = {isa = PBXBuildFile; fileRef = 345336972469A90A003DB46E /* Guest.swift */; };
		3453369A2469AA51003DB46E /* GuestListViewModel.swift in Sources */ = {isa = PBXBuildFile; fileRef = 345336992469AA51003DB46E /* GuestListViewModel.swift */; };
		3453369C2469AA72003DB46E /* EventListViewModel.swift in Sources */ = {isa = PBXBuildFile; fileRef = 3453369B2469AA72003DB46E /* EventListViewModel.swift */; };
		345336A12469B0DA003DB46E /* RESTRequest.swift in Sources */ = {isa = PBXBuildFile; fileRef = 3453369E2469B0DA003DB46E /* RESTRequest.swift */; };
		345336A22469B0DA003DB46E /* APIRequest.swift in Sources */ = {isa = PBXBuildFile; fileRef = 3453369F2469B0DA003DB46E /* APIRequest.swift */; };
		345336A42469B14B003DB46E /* GetGuestsRequest.swift in Sources */ = {isa = PBXBuildFile; fileRef = 345336A32469B14B003DB46E /* GetGuestsRequest.swift */; };
		345336A72469B298003DB46E /* NSError+DefaultError.swift in Sources */ = {isa = PBXBuildFile; fileRef = 345336A62469B298003DB46E /* NSError+DefaultError.swift */; };
		345336AB2469C04D003DB46E /* GuestCollectionViewCell.swift in Sources */ = {isa = PBXBuildFile; fileRef = 345336AA2469C04D003DB46E /* GuestCollectionViewCell.swift */; };
		345336AD2469C28D003DB46E /* UIAlertController+DefaultAlert.swift in Sources */ = {isa = PBXBuildFile; fileRef = 345336AC2469C28D003DB46E /* UIAlertController+DefaultAlert.swift */; };
		346E4E93246A655F00F54FA2 /* DashboardViewModel.swift in Sources */ = {isa = PBXBuildFile; fileRef = 346E4E92246A655F00F54FA2 /* DashboardViewModel.swift */; };
		D2EEFD5CA38873EB366BD75D /* Pods_suit.framework in Frameworks */ = {isa = PBXBuildFile; fileRef = D12BFA12F86488F780883C04 /* Pods_suit.framework */; };
/* End PBXBuildFile section */

/* Begin PBXFileReference section */
		143FA88377DE23F669EC9376 /* Pods-suit.debug.xcconfig */ = {isa = PBXFileReference; includeInIndex = 1; lastKnownFileType = text.xcconfig; name = "Pods-suit.debug.xcconfig"; path = "Target Support Files/Pods-suit/Pods-suit.debug.xcconfig"; sourceTree = "<group>"; };
		342F6619246BA48000011B2A /* InitialViewModel.swift */ = {isa = PBXFileReference; lastKnownFileType = sourcecode.swift; path = InitialViewModel.swift; sourceTree = "<group>"; };
		342F661B246BCBC000011B2A /* UIView+Extension.swift */ = {isa = PBXFileReference; fileEncoding = 4; lastKnownFileType = sourcecode.swift; path = "UIView+Extension.swift"; sourceTree = "<group>"; };
		342F661D246C240A00011B2A /* UIColor+Extension.swift */ = {isa = PBXFileReference; lastKnownFileType = sourcecode.swift; path = "UIColor+Extension.swift"; sourceTree = "<group>"; };
		345336722469153B003DB46E /* suit.app */ = {isa = PBXFileReference; explicitFileType = wrapper.application; includeInIndex = 0; path = suit.app; sourceTree = BUILT_PRODUCTS_DIR; };
		345336752469153B003DB46E /* AppDelegate.swift */ = {isa = PBXFileReference; lastKnownFileType = sourcecode.swift; path = AppDelegate.swift; sourceTree = "<group>"; };
		345336772469153B003DB46E /* SceneDelegate.swift */ = {isa = PBXFileReference; lastKnownFileType = sourcecode.swift; path = SceneDelegate.swift; sourceTree = "<group>"; };
		345336792469153B003DB46E /* InitialViewController.swift */ = {isa = PBXFileReference; lastKnownFileType = sourcecode.swift; path = InitialViewController.swift; sourceTree = "<group>"; };
		3453367C2469153B003DB46E /* Base */ = {isa = PBXFileReference; lastKnownFileType = file.storyboard; name = Base; path = Base.lproj/Main.storyboard; sourceTree = "<group>"; };
		3453367E2469153D003DB46E /* Assets.xcassets */ = {isa = PBXFileReference; lastKnownFileType = folder.assetcatalog; path = Assets.xcassets; sourceTree = "<group>"; };
		345336812469153D003DB46E /* Base */ = {isa = PBXFileReference; lastKnownFileType = file.storyboard; name = Base; path = Base.lproj/LaunchScreen.storyboard; sourceTree = "<group>"; };
		345336832469153D003DB46E /* Info.plist */ = {isa = PBXFileReference; lastKnownFileType = text.plist.xml; path = Info.plist; sourceTree = "<group>"; };
		3453368924692D0A003DB46E /* DashboardViewController.swift */ = {isa = PBXFileReference; lastKnownFileType = sourcecode.swift; path = DashboardViewController.swift; sourceTree = "<group>"; };
		3453368B2469446D003DB46E /* Event.swift */ = {isa = PBXFileReference; lastKnownFileType = sourcecode.swift; path = Event.swift; sourceTree = "<group>"; };
		3453368D2469475D003DB46E /* EventListViewController.swift */ = {isa = PBXFileReference; lastKnownFileType = sourcecode.swift; path = EventListViewController.swift; sourceTree = "<group>"; };
		3453368F24694771003DB46E /* GuestListViewController.swift */ = {isa = PBXFileReference; lastKnownFileType = sourcecode.swift; path = GuestListViewController.swift; sourceTree = "<group>"; };
		3453369124694BD3003DB46E /* EventTableViewCell.swift */ = {isa = PBXFileReference; lastKnownFileType = sourcecode.swift; path = EventTableViewCell.swift; sourceTree = "<group>"; };
		3453369324698DB5003DB46E /* UIButton+Utilities.swift */ = {isa = PBXFileReference; lastKnownFileType = sourcecode.swift; path = "UIButton+Utilities.swift"; sourceTree = "<group>"; };
		345336972469A90A003DB46E /* Guest.swift */ = {isa = PBXFileReference; lastKnownFileType = sourcecode.swift; path = Guest.swift; sourceTree = "<group>"; };
		345336992469AA51003DB46E /* GuestListViewModel.swift */ = {isa = PBXFileReference; lastKnownFileType = sourcecode.swift; path = GuestListViewModel.swift; sourceTree = "<group>"; };
		3453369B2469AA72003DB46E /* EventListViewModel.swift */ = {isa = PBXFileReference; lastKnownFileType = sourcecode.swift; path = EventListViewModel.swift; sourceTree = "<group>"; };
		3453369E2469B0DA003DB46E /* RESTRequest.swift */ = {isa = PBXFileReference; fileEncoding = 4; lastKnownFileType = sourcecode.swift; path = RESTRequest.swift; sourceTree = "<group>"; };
		3453369F2469B0DA003DB46E /* APIRequest.swift */ = {isa = PBXFileReference; fileEncoding = 4; lastKnownFileType = sourcecode.swift; path = APIRequest.swift; sourceTree = "<group>"; };
		345336A32469B14B003DB46E /* GetGuestsRequest.swift */ = {isa = PBXFileReference; lastKnownFileType = sourcecode.swift; path = GetGuestsRequest.swift; sourceTree = "<group>"; };
		345336A62469B298003DB46E /* NSError+DefaultError.swift */ = {isa = PBXFileReference; fileEncoding = 4; lastKnownFileType = sourcecode.swift; path = "NSError+DefaultError.swift"; sourceTree = "<group>"; };
		345336AA2469C04D003DB46E /* GuestCollectionViewCell.swift */ = {isa = PBXFileReference; lastKnownFileType = sourcecode.swift; path = GuestCollectionViewCell.swift; sourceTree = "<group>"; };
		345336AC2469C28D003DB46E /* UIAlertController+DefaultAlert.swift */ = {isa = PBXFileReference; fileEncoding = 4; lastKnownFileType = sourcecode.swift; path = "UIAlertController+DefaultAlert.swift"; sourceTree = "<group>"; };
		346E4E92246A655F00F54FA2 /* DashboardViewModel.swift */ = {isa = PBXFileReference; lastKnownFileType = sourcecode.swift; path = DashboardViewModel.swift; sourceTree = "<group>"; };
		61A92057EF99470619C18535 /* Pods-suit.release.xcconfig */ = {isa = PBXFileReference; includeInIndex = 1; lastKnownFileType = text.xcconfig; name = "Pods-suit.release.xcconfig"; path = "Target Support Files/Pods-suit/Pods-suit.release.xcconfig"; sourceTree = "<group>"; };
		D12BFA12F86488F780883C04 /* Pods_suit.framework */ = {isa = PBXFileReference; explicitFileType = wrapper.framework; includeInIndex = 0; path = Pods_suit.framework; sourceTree = BUILT_PRODUCTS_DIR; };
/* End PBXFileReference section */

/* Begin PBXFrameworksBuildPhase section */
		3453366F2469153B003DB46E /* Frameworks */ = {
			isa = PBXFrameworksBuildPhase;
			buildActionMask = 2147483647;
			files = (
				D2EEFD5CA38873EB366BD75D /* Pods_suit.framework in Frameworks */,
			);
			runOnlyForDeploymentPostprocessing = 0;
		};
/* End PBXFrameworksBuildPhase section */

/* Begin PBXGroup section */
		345336692469153B003DB46E = {
			isa = PBXGroup;
			children = (
				345336742469153B003DB46E /* suit */,
				345336732469153B003DB46E /* Products */,
				413A98081E2C68DF30D73A1C /* Pods */,
				813CADF6F81E903F9E20967C /* Frameworks */,
			);
			sourceTree = "<group>";
		};
		345336732469153B003DB46E /* Products */ = {
			isa = PBXGroup;
			children = (
				345336722469153B003DB46E /* suit.app */,
			);
			name = Products;
			sourceTree = "<group>";
		};
		345336742469153B003DB46E /* suit */ = {
			isa = PBXGroup;
			children = (
				345336752469153B003DB46E /* AppDelegate.swift */,
				345336772469153B003DB46E /* SceneDelegate.swift */,
				345336A52469B184003DB46E /* Interface */,
				345336A92469B2AD003DB46E /* Extension */,
				345336962469A615003DB46E /* Model */,
				345336952469A606003DB46E /* View */,
				345336AE2469C2C2003DB46E /* ViewModel */,
				3453367B2469153B003DB46E /* Main.storyboard */,
				3453367E2469153D003DB46E /* Assets.xcassets */,
				345336802469153D003DB46E /* LaunchScreen.storyboard */,
				345336832469153D003DB46E /* Info.plist */,
			);
			path = suit;
			sourceTree = "<group>";
		};
		345336952469A606003DB46E /* View */ = {
			isa = PBXGroup;
			children = (
				3453368924692D0A003DB46E /* DashboardViewController.swift */,
				3453368D2469475D003DB46E /* EventListViewController.swift */,
				3453369124694BD3003DB46E /* EventTableViewCell.swift */,
				3453368F24694771003DB46E /* GuestListViewController.swift */,
				345336AA2469C04D003DB46E /* GuestCollectionViewCell.swift */,
				345336792469153B003DB46E /* InitialViewController.swift */,
			);
			path = View;
			sourceTree = "<group>";
		};
		345336962469A615003DB46E /* Model */ = {
			isa = PBXGroup;
			children = (
				3453368B2469446D003DB46E /* Event.swift */,
				345336972469A90A003DB46E /* Guest.swift */,
				345336A32469B14B003DB46E /* GetGuestsRequest.swift */,
				3453369E2469B0DA003DB46E /* RESTRequest.swift */,
			);
			path = Model;
			sourceTree = "<group>";
		};
		345336A52469B184003DB46E /* Interface */ = {
			isa = PBXGroup;
			children = (
				3453369F2469B0DA003DB46E /* APIRequest.swift */,
			);
			path = Interface;
			sourceTree = "<group>";
		};
		345336A92469B2AD003DB46E /* Extension */ = {
			isa = PBXGroup;
			children = (
				345336A62469B298003DB46E /* NSError+DefaultError.swift */,
				345336AC2469C28D003DB46E /* UIAlertController+DefaultAlert.swift */,
				3453369324698DB5003DB46E /* UIButton+Utilities.swift */,
				342F661D246C240A00011B2A /* UIColor+Extension.swift */,
				342F661B246BCBC000011B2A /* UIView+Extension.swift */,
			);
			path = Extension;
			sourceTree = "<group>";
		};
		345336AE2469C2C2003DB46E /* ViewModel */ = {
			isa = PBXGroup;
			children = (
				346E4E92246A655F00F54FA2 /* DashboardViewModel.swift */,
				3453369B2469AA72003DB46E /* EventListViewModel.swift */,
				345336992469AA51003DB46E /* GuestListViewModel.swift */,
				342F6619246BA48000011B2A /* InitialViewModel.swift */,
			);
			path = ViewModel;
			sourceTree = "<group>";
		};
		413A98081E2C68DF30D73A1C /* Pods */ = {
			isa = PBXGroup;
			children = (
				143FA88377DE23F669EC9376 /* Pods-suit.debug.xcconfig */,
				61A92057EF99470619C18535 /* Pods-suit.release.xcconfig */,
			);
			path = Pods;
			sourceTree = "<group>";
		};
		813CADF6F81E903F9E20967C /* Frameworks */ = {
			isa = PBXGroup;
			children = (
				D12BFA12F86488F780883C04 /* Pods_suit.framework */,
			);
			name = Frameworks;
			sourceTree = "<group>";
		};
/* End PBXGroup section */

/* Begin PBXNativeTarget section */
		345336712469153B003DB46E /* suit */ = {
			isa = PBXNativeTarget;
			buildConfigurationList = 345336862469153D003DB46E /* Build configuration list for PBXNativeTarget "suit" */;
			buildPhases = (
				B3CFC06FAB35A1A59DB573BC /* [CP] Check Pods Manifest.lock */,
				3453366E2469153B003DB46E /* Sources */,
				3453366F2469153B003DB46E /* Frameworks */,
				345336702469153B003DB46E /* Resources */,
				42F49C42763EB2A307119BEA /* [CP] Embed Pods Frameworks */,
			);
			buildRules = (
			);
			dependencies = (
			);
			name = suit;
			productName = suit;
			productReference = 345336722469153B003DB46E /* suit.app */;
			productType = "com.apple.product-type.application";
		};
/* End PBXNativeTarget section */

/* Begin PBXProject section */
		3453366A2469153B003DB46E /* Project object */ = {
			isa = PBXProject;
			attributes = {
				LastSwiftUpdateCheck = 1130;
				LastUpgradeCheck = 1130;
				ORGANIZATIONNAME = "Rizki Dwi Putra";
				TargetAttributes = {
					345336712469153B003DB46E = {
						CreatedOnToolsVersion = 11.3.1;
					};
				};
			};
			buildConfigurationList = 3453366D2469153B003DB46E /* Build configuration list for PBXProject "suit" */;
			compatibilityVersion = "Xcode 9.3";
			developmentRegion = en;
			hasScannedForEncodings = 0;
			knownRegions = (
				en,
				Base,
			);
			mainGroup = 345336692469153B003DB46E;
			productRefGroup = 345336732469153B003DB46E /* Products */;
			projectDirPath = "";
			projectRoot = "";
			targets = (
				345336712469153B003DB46E /* suit */,
			);
		};
/* End PBXProject section */

/* Begin PBXResourcesBuildPhase section */
		345336702469153B003DB46E /* Resources */ = {
			isa = PBXResourcesBuildPhase;
			buildActionMask = 2147483647;
			files = (
				345336822469153D003DB46E /* LaunchScreen.storyboard in Resources */,
				3453367F2469153D003DB46E /* Assets.xcassets in Resources */,
				3453367D2469153B003DB46E /* Main.storyboard in Resources */,
			);
			runOnlyForDeploymentPostprocessing = 0;
		};
/* End PBXResourcesBuildPhase section */

/* Begin PBXShellScriptBuildPhase section */
		42F49C42763EB2A307119BEA /* [CP] Embed Pods Frameworks */ = {
			isa = PBXShellScriptBuildPhase;
			buildActionMask = 2147483647;
			files = (
			);
			inputFileListPaths = (
				"${PODS_ROOT}/Target Support Files/Pods-suit/Pods-suit-frameworks-${CONFIGURATION}-input-files.xcfilelist",
			);
			name = "[CP] Embed Pods Frameworks";
			outputFileListPaths = (
				"${PODS_ROOT}/Target Support Files/Pods-suit/Pods-suit-frameworks-${CONFIGURATION}-output-files.xcfilelist",
			);
			runOnlyForDeploymentPostprocessing = 0;
			shellPath = /bin/sh;
			shellScript = "\"${PODS_ROOT}/Target Support Files/Pods-suit/Pods-suit-frameworks.sh\"\n";
			showEnvVarsInLog = 0;
		};
		B3CFC06FAB35A1A59DB573BC /* [CP] Check Pods Manifest.lock */ = {
			isa = PBXShellScriptBuildPhase;
			buildActionMask = 2147483647;
			files = (
			);
			inputFileListPaths = (
			);
			inputPaths = (
				"${PODS_PODFILE_DIR_PATH}/Podfile.lock",
				"${PODS_ROOT}/Manifest.lock",
			);
			name = "[CP] Check Pods Manifest.lock";
			outputFileListPaths = (
			);
			outputPaths = (
				"$(DERIVED_FILE_DIR)/Pods-suit-checkManifestLockResult.txt",
			);
			runOnlyForDeploymentPostprocessing = 0;
			shellPath = /bin/sh;
			shellScript = "diff \"${PODS_PODFILE_DIR_PATH}/Podfile.lock\" \"${PODS_ROOT}/Manifest.lock\" > /dev/null\nif [ $? != 0 ] ; then\n    # print error to STDERR\n    echo \"error: The sandbox is not in sync with the Podfile.lock. Run 'pod install' or update your CocoaPods installation.\" >&2\n    exit 1\nfi\n# This output is used by Xcode 'outputs' to avoid re-running this script phase.\necho \"SUCCESS\" > \"${SCRIPT_OUTPUT_FILE_0}\"\n";
			showEnvVarsInLog = 0;
		};
/* End PBXShellScriptBuildPhase section */

/* Begin PBXSourcesBuildPhase section */
		3453366E2469153B003DB46E /* Sources */ = {
			isa = PBXSourcesBuildPhase;
			buildActionMask = 2147483647;
			files = (
				345336982469A90A003DB46E /* Guest.swift in Sources */,
				3453369424698DB5003DB46E /* UIButton+Utilities.swift in Sources */,
				3453369224694BD3003DB46E /* EventTableViewCell.swift in Sources */,
				342F661E246C240A00011B2A /* UIColor+Extension.swift in Sources */,
				3453367A2469153B003DB46E /* InitialViewController.swift in Sources */,
				346E4E93246A655F00F54FA2 /* DashboardViewModel.swift in Sources */,
				345336A42469B14B003DB46E /* GetGuestsRequest.swift in Sources */,
				3453368E2469475D003DB46E /* EventListViewController.swift in Sources */,
				3453369A2469AA51003DB46E /* GuestListViewModel.swift in Sources */,
				3453369024694771003DB46E /* GuestListViewController.swift in Sources */,
				345336762469153B003DB46E /* AppDelegate.swift in Sources */,
				345336AD2469C28D003DB46E /* UIAlertController+DefaultAlert.swift in Sources */,
				342F661A246BA48000011B2A /* InitialViewModel.swift in Sources */,
				345336782469153B003DB46E /* SceneDelegate.swift in Sources */,
				345336A72469B298003DB46E /* NSError+DefaultError.swift in Sources */,
				3453369C2469AA72003DB46E /* EventListViewModel.swift in Sources */,
				342F661C246BCBC000011B2A /* UIView+Extension.swift in Sources */,
				345336A12469B0DA003DB46E /* RESTRequest.swift in Sources */,
				3453368A24692D0A003DB46E /* DashboardViewController.swift in Sources */,
				345336AB2469C04D003DB46E /* GuestCollectionViewCell.swift in Sources */,
				345336A22469B0DA003DB46E /* APIRequest.swift in Sources */,
				3453368C2469446D003DB46E /* Event.swift in Sources */,
			);
			runOnlyForDeploymentPostprocessing = 0;
		};
/* End PBXSourcesBuildPhase section */

/* Begin PBXVariantGroup section */
		3453367B2469153B003DB46E /* Main.storyboard */ = {
			isa = PBXVariantGroup;
			children = (
				3453367C2469153B003DB46E /* Base */,
			);
			name = Main.storyboard;
			sourceTree = "<group>";
		};
		345336802469153D003DB46E /* LaunchScreen.storyboard */ = {
			isa = PBXVariantGroup;
			children = (
				345336812469153D003DB46E /* Base */,
			);
			name = LaunchScreen.storyboard;
			sourceTree = "<group>";
		};
/* End PBXVariantGroup section */

/* Begin XCBuildConfiguration section */
		345336842469153D003DB46E /* Debug */ = {
			isa = XCBuildConfiguration;
			buildSettings = {
				ALWAYS_SEARCH_USER_PATHS = NO;
				CLANG_ANALYZER_NONNULL = YES;
				CLANG_ANALYZER_NUMBER_OBJECT_CONVERSION = YES_AGGRESSIVE;
				CLANG_CXX_LANGUAGE_STANDARD = "gnu++14";
				CLANG_CXX_LIBRARY = "libc++";
				CLANG_ENABLE_MODULES = YES;
				CLANG_ENABLE_OBJC_ARC = YES;
				CLANG_ENABLE_OBJC_WEAK = YES;
				CLANG_WARN_BLOCK_CAPTURE_AUTORELEASING = YES;
				CLANG_WARN_BOOL_CONVERSION = YES;
				CLANG_WARN_COMMA = YES;
				CLANG_WARN_CONSTANT_CONVERSION = YES;
				CLANG_WARN_DEPRECATED_OBJC_IMPLEMENTATIONS = YES;
				CLANG_WARN_DIRECT_OBJC_ISA_USAGE = YES_ERROR;
				CLANG_WARN_DOCUMENTATION_COMMENTS = YES;
				CLANG_WARN_EMPTY_BODY = YES;
				CLANG_WARN_ENUM_CONVERSION = YES;
				CLANG_WARN_INFINITE_RECURSION = YES;
				CLANG_WARN_INT_CONVERSION = YES;
				CLANG_WARN_NON_LITERAL_NULL_CONVERSION = YES;
				CLANG_WARN_OBJC_IMPLICIT_RETAIN_SELF = YES;
				CLANG_WARN_OBJC_LITERAL_CONVERSION = YES;
				CLANG_WARN_OBJC_ROOT_CLASS = YES_ERROR;
				CLANG_WARN_RANGE_LOOP_ANALYSIS = YES;
				CLANG_WARN_STRICT_PROTOTYPES = YES;
				CLANG_WARN_SUSPICIOUS_MOVE = YES;
				CLANG_WARN_UNGUARDED_AVAILABILITY = YES_AGGRESSIVE;
				CLANG_WARN_UNREACHABLE_CODE = YES;
				CLANG_WARN__DUPLICATE_METHOD_MATCH = YES;
				COPY_PHASE_STRIP = NO;
				DEBUG_INFORMATION_FORMAT = dwarf;
				ENABLE_STRICT_OBJC_MSGSEND = YES;
				ENABLE_TESTABILITY = YES;
				GCC_C_LANGUAGE_STANDARD = gnu11;
				GCC_DYNAMIC_NO_PIC = NO;
				GCC_NO_COMMON_BLOCKS = YES;
				GCC_OPTIMIZATION_LEVEL = 0;
				GCC_PREPROCESSOR_DEFINITIONS = (
					"DEBUG=1",
					"$(inherited)",
				);
				GCC_WARN_64_TO_32_BIT_CONVERSION = YES;
				GCC_WARN_ABOUT_RETURN_TYPE = YES_ERROR;
				GCC_WARN_UNDECLARED_SELECTOR = YES;
				GCC_WARN_UNINITIALIZED_AUTOS = YES_AGGRESSIVE;
				GCC_WARN_UNUSED_FUNCTION = YES;
				GCC_WARN_UNUSED_VARIABLE = YES;
				IPHONEOS_DEPLOYMENT_TARGET = 13.2;
				MTL_ENABLE_DEBUG_INFO = INCLUDE_SOURCE;
				MTL_FAST_MATH = YES;
				ONLY_ACTIVE_ARCH = YES;
				SDKROOT = iphoneos;
				SWIFT_ACTIVE_COMPILATION_CONDITIONS = DEBUG;
				SWIFT_OPTIMIZATION_LEVEL = "-Onone";
			};
			name = Debug;
		};
		345336852469153D003DB46E /* Release */ = {
			isa = XCBuildConfiguration;
			buildSettings = {
				ALWAYS_SEARCH_USER_PATHS = NO;
				CLANG_ANALYZER_NONNULL = YES;
				CLANG_ANALYZER_NUMBER_OBJECT_CONVERSION = YES_AGGRESSIVE;
				CLANG_CXX_LANGUAGE_STANDARD = "gnu++14";
				CLANG_CXX_LIBRARY = "libc++";
				CLANG_ENABLE_MODULES = YES;
				CLANG_ENABLE_OBJC_ARC = YES;
				CLANG_ENABLE_OBJC_WEAK = YES;
				CLANG_WARN_BLOCK_CAPTURE_AUTORELEASING = YES;
				CLANG_WARN_BOOL_CONVERSION = YES;
				CLANG_WARN_COMMA = YES;
				CLANG_WARN_CONSTANT_CONVERSION = YES;
				CLANG_WARN_DEPRECATED_OBJC_IMPLEMENTATIONS = YES;
				CLANG_WARN_DIRECT_OBJC_ISA_USAGE = YES_ERROR;
				CLANG_WARN_DOCUMENTATION_COMMENTS = YES;
				CLANG_WARN_EMPTY_BODY = YES;
				CLANG_WARN_ENUM_CONVERSION = YES;
				CLANG_WARN_INFINITE_RECURSION = YES;
				CLANG_WARN_INT_CONVERSION = YES;
				CLANG_WARN_NON_LITERAL_NULL_CONVERSION = YES;
				CLANG_WARN_OBJC_IMPLICIT_RETAIN_SELF = YES;
				CLANG_WARN_OBJC_LITERAL_CONVERSION = YES;
				CLANG_WARN_OBJC_ROOT_CLASS = YES_ERROR;
				CLANG_WARN_RANGE_LOOP_ANALYSIS = YES;
				CLANG_WARN_STRICT_PROTOTYPES = YES;
				CLANG_WARN_SUSPICIOUS_MOVE = YES;
				CLANG_WARN_UNGUARDED_AVAILABILITY = YES_AGGRESSIVE;
				CLANG_WARN_UNREACHABLE_CODE = YES;
				CLANG_WARN__DUPLICATE_METHOD_MATCH = YES;
				COPY_PHASE_STRIP = NO;
				DEBUG_INFORMATION_FORMAT = "dwarf-with-dsym";
				ENABLE_NS_ASSERTIONS = NO;
				ENABLE_STRICT_OBJC_MSGSEND = YES;
				GCC_C_LANGUAGE_STANDARD = gnu11;
				GCC_NO_COMMON_BLOCKS = YES;
				GCC_WARN_64_TO_32_BIT_CONVERSION = YES;
				GCC_WARN_ABOUT_RETURN_TYPE = YES_ERROR;
				GCC_WARN_UNDECLARED_SELECTOR = YES;
				GCC_WARN_UNINITIALIZED_AUTOS = YES_AGGRESSIVE;
				GCC_WARN_UNUSED_FUNCTION = YES;
				GCC_WARN_UNUSED_VARIABLE = YES;
				IPHONEOS_DEPLOYMENT_TARGET = 13.2;
				MTL_ENABLE_DEBUG_INFO = NO;
				MTL_FAST_MATH = YES;
				SDKROOT = iphoneos;
				SWIFT_COMPILATION_MODE = wholemodule;
				SWIFT_OPTIMIZATION_LEVEL = "-O";
				VALIDATE_PRODUCT = YES;
			};
			name = Release;
		};
		345336872469153D003DB46E /* Debug */ = {
			isa = XCBuildConfiguration;
			baseConfigurationReference = 143FA88377DE23F669EC9376 /* Pods-suit.debug.xcconfig */;
			buildSettings = {
				ASSETCATALOG_COMPILER_APPICON_NAME = AppIcon;
				CODE_SIGN_STYLE = Automatic;
				DEVELOPMENT_TEAM = 2HFPWQF9R7;
				INFOPLIST_FILE = suit/Info.plist;
				LD_RUNPATH_SEARCH_PATHS = (
					"$(inherited)",
					"@executable_path/Frameworks",
				);
				PRODUCT_BUNDLE_IDENTIFIER = rzk.suit;
				PRODUCT_NAME = "$(TARGET_NAME)";
				SWIFT_VERSION = 5.0;
				TARGETED_DEVICE_FAMILY = "1,2";
			};
			name = Debug;
		};
		345336882469153D003DB46E /* Release */ = {
			isa = XCBuildConfiguration;
			baseConfigurationReference = 61A92057EF99470619C18535 /* Pods-suit.release.xcconfig */;
			buildSettings = {
				ASSETCATALOG_COMPILER_APPICON_NAME = AppIcon;
				CODE_SIGN_STYLE = Automatic;
				DEVELOPMENT_TEAM = 2HFPWQF9R7;
				INFOPLIST_FILE = suit/Info.plist;
				LD_RUNPATH_SEARCH_PATHS = (
					"$(inherited)",
					"@executable_path/Frameworks",
				);
				PRODUCT_BUNDLE_IDENTIFIER = rzk.suit;
				PRODUCT_NAME = "$(TARGET_NAME)";
				SWIFT_VERSION = 5.0;
				TARGETED_DEVICE_FAMILY = "1,2";
			};
			name = Release;
		};
/* End XCBuildConfiguration section */

/* Begin XCConfigurationList section */
		3453366D2469153B003DB46E /* Build configuration list for PBXProject "suit" */ = {
			isa = XCConfigurationList;
			buildConfigurations = (
				345336842469153D003DB46E /* Debug */,
				345336852469153D003DB46E /* Release */,
			);
			defaultConfigurationIsVisible = 0;
			defaultConfigurationName = Release;
		};
		345336862469153D003DB46E /* Build configuration list for PBXNativeTarget "suit" */ = {
			isa = XCConfigurationList;
			buildConfigurations = (
				345336872469153D003DB46E /* Debug */,
				345336882469153D003DB46E /* Release */,
			);
			defaultConfigurationIsVisible = 0;
			defaultConfigurationName = Release;
		};
/* End XCConfigurationList section */
	};
	rootObject = 3453366A2469153B003DB46E /* Project object */;
}
